
Microsoft Visual Studio Solution File, Format Version 12.00
# Visual Studio 2013
VisualStudioVersion = 12.0.30501.0
MinimumVisualStudioVersion = 10.0.40219.1
Project("{FAE04EC0-301F-11D3-BF4B-00C04F79EFBC}") = "SysOtica", "SysOtica\SysOtica.csproj", "{B0F43429-5DC9-4DC0-8BA1-6DD2B7363A8A}"
EndProject
Project("{FAE04EC0-301F-11D3-BF4B-00C04F79EFBC}") = "SysOticaForm", "SysOticaForm\SysOticaForm.csproj", "{5F41FA2C-5BB6-47A7-B4A5-AD651D2A6B62}"
EndProject
Global
	GlobalSection(SolutionConfigurationPlatforms) = preSolution
		Debug|Any CPU = Debug|Any CPU
		Release|Any CPU = Release|Any CPU
	EndGlobalSection
	GlobalSection(ProjectConfigurationPlatforms) = postSolution
		{B0F43429-5DC9-4DC0-8BA1-6DD2B7363A8A}.Debug|Any CPU.ActiveCfg = Debug|Any CPU
		{B0F43429-5DC9-4DC0-8BA1-6DD2B7363A8A}.Debug|Any CPU.Build.0 = Debug|Any CPU
		{B0F43429-5DC9-4DC0-8BA1-6DD2B7363A8A}.Release|Any CPU.ActiveCfg = Release|Any CPU
		{B0F43429-5DC9-4DC0-8BA1-6DD2B7363A8A}.Release|Any CPU.Build.0 = Release|Any CPU
		{5F41FA2C-5BB6-47A7-B4A5-AD651D2A6B62}.Debug|Any CPU.ActiveCfg = Debug|Any CPU
		{5F41FA2C-5BB6-47A7-B4A5-AD651D2A6B62}.Debug|Any CPU.Build.0 = Debug|Any CPU
		{5F41FA2C-5BB6-47A7-B4A5-AD651D2A6B62}.Release|Any CPU.ActiveCfg = Release|Any CPU
		{5F41FA2C-5BB6-47A7-B4A5-AD651D2A6B62}.Release|Any CPU.Build.0 = Release|Any CPU
	EndGlobalSection
	GlobalSection(SolutionProperties) = preSolution
		HideSolutionNode = FALSE
	EndGlobalSection
EndGlobal
